// !$*UTF8*$!
{
	archiveVersion = 1;
	classes = {
	};
	objectVersion = 77;
	objects = {

/* Begin PBXBuildFile section */
		2897F6ECADBE0A05CFB467E0 /* ContentView.swift in Sources */ = {isa = PBXBuildFile; fileRef = 4102A18DAA0F5B46A421413C /* ContentView.swift */; };
		496782611C37DEF6F97A397F /* MobileAPIStudioSampleApp.swift in Sources */ = {isa = PBXBuildFile; fileRef = 21015D80E003EB8E020EFA63 /* MobileAPIStudioSampleApp.swift */; };
		AAB2DD54D13B9AFE6AA1249A /* MobileAPIStudio in Frameworks */ = {isa = PBXBuildFile; productRef = BA2F5B43968F1DDB42F37CDA /* MobileAPIStudio */; };
/* End PBXBuildFile section */

/* Begin PBXFileReference section */
		21015D80E003EB8E020EFA63 /* MobileAPIStudioSampleApp.swift */ = {isa = PBXFileReference; lastKnownFileType = sourcecode.swift; path = MobileAPIStudioSampleApp.swift; sourceTree = "<group>"; };
		4102A18DAA0F5B46A421413C /* ContentView.swift */ = {isa = PBXFileReference; lastKnownFileType = sourcecode.swift; path = ContentView.swift; sourceTree = "<group>"; };
		50686B7FA0403A7ED2BC1571 /* MobileAPIStudio */ = {isa = PBXFileReference; lastKnownFileType = folder; name = MobileAPIStudio; path = ../../sdks/ios/MobileAPIStudio; sourceTree = SOURCE_ROOT; };
		808DDD680BCE6ADF686954B8 /* MobileAPIStudioSample.app */ = {isa = PBXFileReference; includeInIndex = 0; lastKnownFileType = wrapper.application; path = MobileAPIStudioSample.app; sourceTree = BUILT_PRODUCTS_DIR; };
/* End PBXFileReference section */

/* Begin PBXFrameworksBuildPhase section */
		9E6056AF5262185B4F385748 /* Frameworks */ = {
			isa = PBXFrameworksBuildPhase;
			buildActionMask = 2147483647;
			files = (
				AAB2DD54D13B9AFE6AA1249A /* MobileAPIStudio in Frameworks */,
			);
			runOnlyForDeploymentPostprocessing = 0;
		};
/* End PBXFrameworksBuildPhase section */

/* Begin PBXGroup section */
		1E2C48BF5FF8D5F07F973688 /* Packages */ = {
			isa = PBXGroup;
			children = (
				50686B7FA0403A7ED2BC1571 /* MobileAPIStudio */,
			);
			name = Packages;
			sourceTree = "<group>";
		};
		3642619840E0C9BAB227FA45 = {
			isa = PBXGroup;
			children = (
				1E2C48BF5FF8D5F07F973688 /* Packages */,
				DE45578D8BBC3E08E3838D6B /* Sources */,
				D0DD2DDD10C08B060EBA7F30 /* Products */,
			);
			sourceTree = "<group>";
		};
		D0DD2DDD10C08B060EBA7F30 /* Products */ = {
			isa = PBXGroup;
			children = (
				808DDD680BCE6ADF686954B8 /* MobileAPIStudioSample.app */,
			);
			name = Products;
			sourceTree = "<group>";
		};
		DE45578D8BBC3E08E3838D6B /* Sources */ = {
			isa = PBXGroup;
			children = (
				4102A18DAA0F5B46A421413C /* ContentView.swift */,
				21015D80E003EB8E020EFA63 /* MobileAPIStudioSampleApp.swift */,
			);
			path = Sources;
			sourceTree = "<group>";
		};
/* End PBXGroup section */

/* Begin PBXNativeTarget section */
		5F928110789985F9EB3A6FB8 /* MobileAPIStudioSample */ = {
			isa = PBXNativeTarget;
			buildConfigurationList = 42A7A0C4DBADBA569873D95B /* Build configuration list for PBXNativeTarget "MobileAPIStudioSample" */;
			buildPhases = (
				7542C7F0ECF498D9CFCA466D /* Sources */,
				9E6056AF5262185B4F385748 /* Frameworks */,
			);
			buildRules = (
			);
			dependencies = (
			);
			name = MobileAPIStudioSample;
			packageProductDependencies = (
				BA2F5B43968F1DDB42F37CDA /* MobileAPIStudio */,
			);
			productName = MobileAPIStudioSample;
			productReference = 808DDD680BCE6ADF686954B8 /* MobileAPIStudioSample.app */;
			productType = "com.apple.product-type.application";
		};
/* End PBXNativeTarget section */

/* Begin PBXProject section */
		5487003500BF7A91BCB69CF6 /* Project object */ = {
			isa = PBXProject;
			attributes = {
				BuildIndependentTargetsInParallel = YES;
				LastUpgradeCheck = 1430;
				TargetAttributes = {
				};
			};
			buildConfigurationList = 46C54EF5D653744C80469155 /* Build configuration list for PBXProject "MobileAPIStudioSample" */;
			developmentRegion = en;
			hasScannedForEncodings = 0;
			knownRegions = (
				Base,
				en,
			);
			mainGroup = 3642619840E0C9BAB227FA45;
			minimizedProjectReferenceProxies = 1;
			packageReferences = (
				55301912E7C6CBB224A4C44D /* XCLocalSwiftPackageReference "../../sdks/ios/MobileAPIStudio" */,
			);
			preferredProjectObjectVersion = 77;
			productRefGroup = D0DD2DDD10C08B060EBA7F30 /* Products */;
			projectDirPath = "";
			projectRoot = "";
			targets = (
				5F928110789985F9EB3A6FB8 /* MobileAPIStudioSample */,
			);
		};
/* End PBXProject section */

/* Begin PBXSourcesBuildPhase section */
		7542C7F0ECF498D9CFCA466D /* Sources */ = {
			isa = PBXSourcesBuildPhase;
			buildActionMask = 2147483647;
			files = (
				2897F6ECADBE0A05CFB467E0 /* ContentView.swift in Sources */,
				496782611C37DEF6F97A397F /* MobileAPIStudioSampleApp.swift in Sources */,
			);
			runOnlyForDeploymentPostprocessing = 0;
		};
/* End PBXSourcesBuildPhase section */

/* Begin XCBuildConfiguration section */
		3BF590E3EC7C4C0480C2C76B /* Debug */ = {
			isa = XCBuildConfiguration;
			buildSettings = {
				ASSETCATALOG_COMPILER_APPICON_NAME = AppIcon;
				CODE_SIGN_IDENTITY = "iPhone Developer";
				GENERATE_INFOPLIST_FILE = YES;
				INFOPLIST_KEY_UIApplicationSceneManifest_Generation = YES;
				INFOPLIST_KEY_UILaunchScreen_Generation = YES;
				IPHONEOS_DEPLOYMENT_TARGET = 15.0;
				LD_RUNPATH_SEARCH_PATHS = (
					"$(inherited)",
					"@executable_path/Frameworks",
				);
				PRODUCT_BUNDLE_IDENTIFIER = dev.mobileapistudio.sample.ios;
				PRODUCT_NAME = "Mobile API Studio Sample";
				SDKROOT = iphoneos;
				SWIFT_VERSION = 6.0;
				TARGETED_DEVICE_FAMILY = "1,2";
			};
			name = Debug;
		};
		AD8045693DBA505C52431A6C /* Release */ = {
			isa = XCBuildConfiguration;
			buildSettings = {
				ASSETCATALOG_COMPILER_APPICON_NAME = AppIcon;
				CODE_SIGN_IDENTITY = "iPhone Developer";
				GENERATE_INFOPLIST_FILE = YES;
				INFOPLIST_KEY_UIApplicationSceneManifest_Generation = YES;
				INFOPLIST_KEY_UILaunchScreen_Generation = YES;
				IPHONEOS_DEPLOYMENT_TARGET = 15.0;
				LD_RUNPATH_SEARCH_PATHS = (
					"$(inherited)",
					"@executable_path/Frameworks",
				);
				PRODUCT_BUNDLE_IDENTIFIER = dev.mobileapistudio.sample.ios;
				PRODUCT_NAME = "Mobile API Studio Sample";
				SDKROOT = iphoneos;
				SWIFT_VERSION = 6.0;
				TARGETED_DEVICE_FAMILY = "1,2";
			};
			name = Release;
		};
		BCB92913A351CC791AE6938A /* Release */ = {
			isa = XCBuildConfiguration;
			buildSettings = {
				ALWAYS_SEARCH_USER_PATHS = NO;
				CLANG_ANALYZER_NONNULL = YES;
				CLANG_ANALYZER_NUMBER_OBJECT_CONVERSION = YES_AGGRESSIVE;
				CLANG_CXX_LANGUAGE_STANDARD = "gnu++14";
				CLANG_CXX_LIBRARY = "libc++";
				CLANG_ENABLE_MODULES = YES;
				CLANG_ENABLE_OBJC_ARC = YES;
				CLANG_ENABLE_OBJC_WEAK = YES;
				CLANG_WARN_BLOCK_CAPTURE_AUTORELEASING = YES;
				CLANG_WARN_BOOL_CONVERSION = YES;
				CLANG_WARN_COMMA = YES;
				CLANG_WARN_CONSTANT_CONVERSION = YES;
				CLANG_WARN_DEPRECATED_OBJC_IMPLEMENTATIONS = YES;
				CLANG_WARN_DIRECT_OBJC_ISA_USAGE = YES_ERROR;
				CLANG_WARN_DOCUMENTATION_COMMENTS = YES;
				CLANG_WARN_EMPTY_BODY = YES;
				CLANG_WARN_ENUM_CONVERSION = YES;
				CLANG_WARN_INFINITE_RECURSION = YES;
				CLANG_WARN_INT_CONVERSION = YES;
				CLANG_WARN_NON_LITERAL_NULL_CONVERSION = YES;
				CLANG_WARN_OBJC_IMPLICIT_RETAIN_SELF = YES;
				CLANG_WARN_OBJC_LITERAL_CONVERSION = YES;
				CLANG_WARN_OBJC_ROOT_CLASS = YES_ERROR;
				CLANG_WARN_QUOTED_INCLUDE_IN_FRAMEWORK_HEADER = YES;
				CLANG_WARN_RANGE_LOOP_ANALYSIS = YES;
				CLANG_WARN_STRICT_PROTOTYPES = YES;
				CLANG_WARN_SUSPICIOUS_MOVE = YES;
				CLANG_WARN_UNGUARDED_AVAILABILITY = YES_AGGRESSIVE;
				CLANG_WARN_UNREACHABLE_CODE = YES;
				CLANG_WARN__DUPLICATE_METHOD_MATCH = YES;
				COPY_PHASE_STRIP = NO;
				DEBUG_INFORMATION_FORMAT = "dwarf-with-dsym";
				ENABLE_NS_ASSERTIONS = NO;
				ENABLE_STRICT_OBJC_MSGSEND = YES;
				GCC_C_LANGUAGE_STANDARD = gnu11;
				GCC_NO_COMMON_BLOCKS = YES;
				GCC_WARN_64_TO_32_BIT_CONVERSION = YES;
				GCC_WARN_ABOUT_RETURN_TYPE = YES_ERROR;
				GCC_WARN_UNDECLARED_SELECTOR = YES;
				GCC_WARN_UNINITIALIZED_AUTOS = YES_AGGRESSIVE;
				GCC_WARN_UNUSED_FUNCTION = YES;
				GCC_WARN_UNUSED_VARIABLE = YES;
				MTL_ENABLE_DEBUG_INFO = NO;
				MTL_FAST_MATH = YES;
				PRODUCT_NAME = "$(TARGET_NAME)";
				SDKROOT = iphoneos;
				SWIFT_COMPILATION_MODE = wholemodule;
				SWIFT_OPTIMIZATION_LEVEL = "-O";
				SWIFT_VERSION = 5.0;
			};
			name = Release;
		};
		C0FE42FBD082F8F0F8D3E23A /* Debug */ = {
			isa = XCBuildConfiguration;
			buildSettings = {
				ALWAYS_SEARCH_USER_PATHS = NO;
				CLANG_ANALYZER_NONNULL = YES;
				CLANG_ANALYZER_NUMBER_OBJECT_CONVERSION = YES_AGGRESSIVE;
				CLANG_CXX_LANGUAGE_STANDARD = "gnu++14";
				CLANG_CXX_LIBRARY = "libc++";
				CLANG_ENABLE_MODULES = YES;
				CLANG_ENABLE_OBJC_ARC = YES;
				CLANG_ENABLE_OBJC_WEAK = YES;
				CLANG_WARN_BLOCK_CAPTURE_AUTORELEASING = YES;
				CLANG_WARN_BOOL_CONVERSION = YES;
				CLANG_WARN_COMMA = YES;
				CLANG_WARN_CONSTANT_CONVERSION = YES;
				CLANG_WARN_DEPRECATED_OBJC_IMPLEMENTATIONS = YES;
				CLANG_WARN_DIRECT_OBJC_ISA_USAGE = YES_ERROR;
				CLANG_WARN_DOCUMENTATION_COMMENTS = YES;
				CLANG_WARN_EMPTY_BODY = YES;
				CLANG_WARN_ENUM_CONVERSION = YES;
				CLANG_WARN_INFINITE_RECURSION = YES;
				CLANG_WARN_INT_CONVERSION = YES;
				CLANG_WARN_NON_LITERAL_NULL_CONVERSION = YES;
				CLANG_WARN_OBJC_IMPLICIT_RETAIN_SELF = YES;
				CLANG_WARN_OBJC_LITERAL_CONVERSION = YES;
				CLANG_WARN_OBJC_ROOT_CLASS = YES_ERROR;
				CLANG_WARN_QUOTED_INCLUDE_IN_FRAMEWORK_HEADER = YES;
				CLANG_WARN_RANGE_LOOP_ANALYSIS = YES;
				CLANG_WARN_STRICT_PROTOTYPES = YES;
				CLANG_WARN_SUSPICIOUS_MOVE = YES;
				CLANG_WARN_UNGUARDED_AVAILABILITY = YES_AGGRESSIVE;
				CLANG_WARN_UNREACHABLE_CODE = YES;
				CLANG_WARN__DUPLICATE_METHOD_MATCH = YES;
				COPY_PHASE_STRIP = NO;
				DEBUG_INFORMATION_FORMAT = dwarf;
				ENABLE_STRICT_OBJC_MSGSEND = YES;
				ENABLE_TESTABILITY = YES;
				GCC_C_LANGUAGE_STANDARD = gnu11;
				GCC_DYNAMIC_NO_PIC = NO;
				GCC_NO_COMMON_BLOCKS = YES;
				GCC_OPTIMIZATION_LEVEL = 0;
				GCC_PREPROCESSOR_DEFINITIONS = (
					"$(inherited)",
					"DEBUG=1",
				);
				GCC_WARN_64_TO_32_BIT_CONVERSION = YES;
				GCC_WARN_ABOUT_RETURN_TYPE = YES_ERROR;
				GCC_WARN_UNDECLARED_SELECTOR = YES;
				GCC_WARN_UNINITIALIZED_AUTOS = YES_AGGRESSIVE;
				GCC_WARN_UNUSED_FUNCTION = YES;
				GCC_WARN_UNUSED_VARIABLE = YES;
				MTL_ENABLE_DEBUG_INFO = INCLUDE_SOURCE;
				MTL_FAST_MATH = YES;
				ONLY_ACTIVE_ARCH = YES;
				PRODUCT_NAME = "$(TARGET_NAME)";
				SDKROOT = iphoneos;
				SWIFT_ACTIVE_COMPILATION_CONDITIONS = DEBUG;
				SWIFT_OPTIMIZATION_LEVEL = "-Onone";
				SWIFT_VERSION = 5.0;
			};
			name = Debug;
		};
/* End XCBuildConfiguration section */

/* Begin XCConfigurationList section */
		42A7A0C4DBADBA569873D95B /* Build configuration list for PBXNativeTarget "MobileAPIStudioSample" */ = {
			isa = XCConfigurationList;
			buildConfigurations = (
				3BF590E3EC7C4C0480C2C76B /* Debug */,
				AD8045693DBA505C52431A6C /* Release */,
			);
			defaultConfigurationIsVisible = 0;
			defaultConfigurationName = Debug;
		};
		46C54EF5D653744C80469155 /* Build configuration list for PBXProject "MobileAPIStudioSample" */ = {
			isa = XCConfigurationList;
			buildConfigurations = (
				C0FE42FBD082F8F0F8D3E23A /* Debug */,
				BCB92913A351CC791AE6938A /* Release */,
			);
			defaultConfigurationIsVisible = 0;
			defaultConfigurationName = Debug;
		};
/* End XCConfigurationList section */

/* Begin XCLocalSwiftPackageReference section */
		55301912E7C6CBB224A4C44D /* XCLocalSwiftPackageReference "../../sdks/ios/MobileAPIStudio" */ = {
			isa = XCLocalSwiftPackageReference;
			relativePath = ../../sdks/ios/MobileAPIStudio;
		};
/* End XCLocalSwiftPackageReference section */

/* Begin XCSwiftPackageProductDependency section */
		BA2F5B43968F1DDB42F37CDA /* MobileAPIStudio */ = {
			isa = XCSwiftPackageProductDependency;
			productName = MobileAPIStudio;
		};
/* End XCSwiftPackageProductDependency section */
	};
	rootObject = 5487003500BF7A91BCB69CF6 /* Project object */;
}
